
Microsoft Visual Studio Solution File, Format Version 12.00
# Visual Studio Version 17
VisualStudioVersion = 17.4.33213.308
MinimumVisualStudioVersion = 10.0.40219.1
Project("{FAE04EC0-301F-11D3-BF4B-00C04F79EFBC}") = "BackgroundLocation.UWP", "BackgroundLocation.UWP\BackgroundLocation.UWP.csproj", "{366BD0B4-CF0E-4887-8F74-87BB894247F0}"
EndProject
Project("{FAE04EC0-301F-11D3-BF4B-00C04F79EFBC}") = "BackgroundLocation.Android", "BackgroundLocation.Android\BackgroundLocation.Android.csproj", "{85C9F3DF-4AA7-4D17-8C3F-5DF830616A09}"
EndProject
Project("{FAE04EC0-301F-11D3-BF4B-00C04F79EFBC}") = "BackgroundLocation.iOS", "BackgroundLocation.iOS\BackgroundLocation.iOS.csproj", "{9D0936E2-A9FC-4D30-A57B-A5A59E0C7658}"
EndProject
Project("{FAE04EC0-301F-11D3-BF4B-00C04F79EFBC}") = "BackgroundLocation", "BackgroundLocation\BackgroundLocation.csproj", "{414DCF47-BE00-46ED-B0CD-E51698B08633}"
EndProject
Global
	GlobalSection(SolutionConfigurationPlatforms) = preSolution
		Debug|Any CPU = Debug|Any CPU
		Debug|ARM = Debug|ARM
		Debug|iPhone = Debug|iPhone
		Debug|iPhoneSimulator = Debug|iPhoneSimulator
		Debug|x64 = Debug|x64
		Debug|x86 = Debug|x86
		Release|Any CPU = Release|Any CPU
		Release|ARM = Release|ARM
		Release|iPhone = Release|iPhone
		Release|iPhoneSimulator = Release|iPhoneSimulator
		Release|x64 = Release|x64
		Release|x86 = Release|x86
	EndGlobalSection
	GlobalSection(ProjectConfigurationPlatforms) = postSolution
		{366BD0B4-CF0E-4887-8F74-87BB894247F0}.Debug|Any CPU.ActiveCfg = Debug|x64
		{366BD0B4-CF0E-4887-8F74-87BB894247F0}.Debug|Any CPU.Build.0 = Debug|x64
		{366BD0B4-CF0E-4887-8F74-87BB894247F0}.Debug|Any CPU.Deploy.0 = Debug|x64
		{366BD0B4-CF0E-4887-8F74-87BB894247F0}.Debug|ARM.ActiveCfg = Debug|ARM
		{366BD0B4-CF0E-4887-8F74-87BB894247F0}.Debug|ARM.Build.0 = Debug|ARM
		{366BD0B4-CF0E-4887-8F74-87BB894247F0}.Debug|ARM.Deploy.0 = Debug|ARM
		{366BD0B4-CF0E-4887-8F74-87BB894247F0}.Debug|iPhone.ActiveCfg = Debug|x64
		{366BD0B4-CF0E-4887-8F74-87BB894247F0}.Debug|iPhone.Build.0 = Debug|x64
		{366BD0B4-CF0E-4887-8F74-87BB894247F0}.Debug|iPhone.Deploy.0 = Debug|x64
		{366BD0B4-CF0E-4887-8F74-87BB894247F0}.Debug|iPhoneSimulator.ActiveCfg = Debug|x64
		{366BD0B4-CF0E-4887-8F74-87BB894247F0}.Debug|iPhoneSimulator.Build.0 = Debug|x64
		{366BD0B4-CF0E-4887-8F74-87BB894247F0}.Debug|iPhoneSimulator.Deploy.0 = Debug|x64
		{366BD0B4-CF0E-4887-8F74-87BB894247F0}.Debug|x64.ActiveCfg = Debug|x64
		{366BD0B4-CF0E-4887-8F74-87BB894247F0}.Debug|x64.Build.0 = Debug|x64
		{366BD0B4-CF0E-4887-8F74-87BB894247F0}.Debug|x64.Deploy.0 = Debug|x64
		{366BD0B4-CF0E-4887-8F74-87BB894247F0}.Debug|x86.ActiveCfg = Debug|x86
		{366BD0B4-CF0E-4887-8F74-87BB894247F0}.Debug|x86.Build.0 = Debug|x86
		{366BD0B4-CF0E-4887-8F74-87BB894247F0}.Debug|x86.Deploy.0 = Debug|x86
		{366BD0B4-CF0E-4887-8F74-87BB894247F0}.Release|Any CPU.ActiveCfg = Release|x64
		{366BD0B4-CF0E-4887-8F74-87BB894247F0}.Release|Any CPU.Build.0 = Release|x64
		{366BD0B4-CF0E-4887-8F74-87BB894247F0}.Release|Any CPU.Deploy.0 = Release|x64
		{366BD0B4-CF0E-4887-8F74-87BB894247F0}.Release|ARM.ActiveCfg = Release|ARM
		{366BD0B4-CF0E-4887-8F74-87BB894247F0}.Release|ARM.Build.0 = Release|ARM
		{366BD0B4-CF0E-4887-8F74-87BB894247F0}.Release|ARM.Deploy.0 = Release|ARM
		{366BD0B4-CF0E-4887-8F74-87BB894247F0}.Release|iPhone.ActiveCfg = Release|x64
		{366BD0B4-CF0E-4887-8F74-87BB894247F0}.Release|iPhone.Build.0 = Release|x64
		{366BD0B4-CF0E-4887-8F74-87BB894247F0}.Release|iPhone.Deploy.0 = Release|x64
		{366BD0B4-CF0E-4887-8F74-87BB894247F0}.Release|iPhoneSimulator.ActiveCfg = Release|x64
		{366BD0B4-CF0E-4887-8F74-87BB894247F0}.Release|iPhoneSimulator.Build.0 = Release|x64
		{366BD0B4-CF0E-4887-8F74-87BB894247F0}.Release|iPhoneSimulator.Deploy.0 = Release|x64
		{366BD0B4-CF0E-4887-8F74-87BB894247F0}.Release|x64.ActiveCfg = Release|x64
		{366BD0B4-CF0E-4887-8F74-87BB894247F0}.Release|x64.Build.0 = Release|x64
		{366BD0B4-CF0E-4887-8F74-87BB894247F0}.Release|x64.Deploy.0 = Release|x64
		{366BD0B4-CF0E-4887-8F74-87BB894247F0}.Release|x86.ActiveCfg = Release|x86
		{366BD0B4-CF0E-4887-8F74-87BB894247F0}.Release|x86.Build.0 = Release|x86
		{366BD0B4-CF0E-4887-8F74-87BB894247F0}.Release|x86.Deploy.0 = Release|x86
		{85C9F3DF-4AA7-4D17-8C3F-5DF830616A09}.Debug|Any CPU.ActiveCfg = Debug|Any CPU
		{85C9F3DF-4AA7-4D17-8C3F-5DF830616A09}.Debug|Any CPU.Build.0 = Debug|Any CPU
		{85C9F3DF-4AA7-4D17-8C3F-5DF830616A09}.Debug|Any CPU.Deploy.0 = Debug|Any CPU
		{85C9F3DF-4AA7-4D17-8C3F-5DF830616A09}.Debug|ARM.ActiveCfg = Debug|Any CPU
		{85C9F3DF-4AA7-4D17-8C3F-5DF830616A09}.Debug|ARM.Build.0 = Debug|Any CPU
		{85C9F3DF-4AA7-4D17-8C3F-5DF830616A09}.Debug|ARM.Deploy.0 = Debug|Any CPU
		{85C9F3DF-4AA7-4D17-8C3F-5DF830616A09}.Debug|iPhone.ActiveCfg = Debug|Any CPU
		{85C9F3DF-4AA7-4D17-8C3F-5DF830616A09}.Debug|iPhone.Build.0 = Debug|Any CPU
		{85C9F3DF-4AA7-4D17-8C3F-5DF830616A09}.Debug|iPhone.Deploy.0 = Debug|Any CPU
		{85C9F3DF-4AA7-4D17-8C3F-5DF830616A09}.Debug|iPhoneSimulator.ActiveCfg = Debug|Any CPU
		{85C9F3DF-4AA7-4D17-8C3F-5DF830616A09}.Debug|iPhoneSimulator.Build.0 = Debug|Any CPU
		{85C9F3DF-4AA7-4D17-8C3F-5DF830616A09}.Debug|iPhoneSimulator.Deploy.0 = Debug|Any CPU
		{85C9F3DF-4AA7-4D17-8C3F-5DF830616A09}.Debug|x64.ActiveCfg = Debug|Any CPU
		{85C9F3DF-4AA7-4D17-8C3F-5DF830616A09}.Debug|x64.Build.0 = Debug|Any CPU
		{85C9F3DF-4AA7-4D17-8C3F-5DF830616A09}.Debug|x64.Deploy.0 = Debug|Any CPU
		{85C9F3DF-4AA7-4D17-8C3F-5DF830616A09}.Debug|x86.ActiveCfg = Debug|Any CPU
		{85C9F3DF-4AA7-4D17-8C3F-5DF830616A09}.Debug|x86.Build.0 = Debug|Any CPU
		{85C9F3DF-4AA7-4D17-8C3F-5DF830616A09}.Debug|x86.Deploy.0 = Debug|Any CPU
		{85C9F3DF-4AA7-4D17-8C3F-5DF830616A09}.Release|Any CPU.ActiveCfg = Release|Any CPU
		{85C9F3DF-4AA7-4D17-8C3F-5DF830616A09}.Release|Any CPU.Build.0 = Release|Any CPU
		{85C9F3DF-4AA7-4D17-8C3F-5DF830616A09}.Release|Any CPU.Deploy.0 = Release|Any CPU
		{85C9F3DF-4AA7-4D17-8C3F-5DF830616A09}.Release|ARM.ActiveCfg = Release|Any CPU
		{85C9F3DF-4AA7-4D17-8C3F-5DF830616A09}.Release|ARM.Build.0 = Release|Any CPU
		{85C9F3DF-4AA7-4D17-8C3F-5DF830616A09}.Release|ARM.Deploy.0 = Release|Any CPU
		{85C9F3DF-4AA7-4D17-8C3F-5DF830616A09}.Release|iPhone.ActiveCfg = Release|Any CPU
		{85C9F3DF-4AA7-4D17-8C3F-5DF830616A09}.Release|iPhone.Build.0 = Release|Any CPU
		{85C9F3DF-4AA7-4D17-8C3F-5DF830616A09}.Release|iPhone.Deploy.0 = Release|Any CPU
		{85C9F3DF-4AA7-4D17-8C3F-5DF830616A09}.Release|iPhoneSimulator.ActiveCfg = Release|Any CPU
		{85C9F3DF-4AA7-4D17-8C3F-5DF830616A09}.Release|iPhoneSimulator.Build.0 = Release|Any CPU
		{85C9F3DF-4AA7-4D17-8C3F-5DF830616A09}.Release|iPhoneSimulator.Deploy.0 = Release|Any CPU
		{85C9F3DF-4AA7-4D17-8C3F-5DF830616A09}.Release|x64.ActiveCfg = Release|Any CPU
		{85C9F3DF-4AA7-4D17-8C3F-5DF830616A09}.Release|x64.Build.0 = Release|Any CPU
		{85C9F3DF-4AA7-4D17-8C3F-5DF830616A09}.Release|x64.Deploy.0 = Release|Any CPU
		{85C9F3DF-4AA7-4D17-8C3F-5DF830616A09}.Release|x86.ActiveCfg = Release|Any CPU
		{85C9F3DF-4AA7-4D17-8C3F-5DF830616A09}.Release|x86.Build.0 = Release|Any CPU
		{85C9F3DF-4AA7-4D17-8C3F-5DF830616A09}.Release|x86.Deploy.0 = Release|Any CPU
		{9D0936E2-A9FC-4D30-A57B-A5A59E0C7658}.Debug|Any CPU.ActiveCfg = Debug|iPhoneSimulator
		{9D0936E2-A9FC-4D30-A57B-A5A59E0C7658}.Debug|Any CPU.Build.0 = Debug|iPhoneSimulator
		{9D0936E2-A9FC-4D30-A57B-A5A59E0C7658}.Debug|Any CPU.Deploy.0 = Debug|iPhoneSimulator
		{9D0936E2-A9FC-4D30-A57B-A5A59E0C7658}.Debug|ARM.ActiveCfg = Debug|iPhoneSimulator
		{9D0936E2-A9FC-4D30-A57B-A5A59E0C7658}.Debug|ARM.Build.0 = Debug|iPhoneSimulator
		{9D0936E2-A9FC-4D30-A57B-A5A59E0C7658}.Debug|ARM.Deploy.0 = Debug|iPhoneSimulator
		{9D0936E2-A9FC-4D30-A57B-A5A59E0C7658}.Debug|iPhone.ActiveCfg = Debug|iPhone
		{9D0936E2-A9FC-4D30-A57B-A5A59E0C7658}.Debug|iPhone.Build.0 = Debug|iPhone
		{9D0936E2-A9FC-4D30-A57B-A5A59E0C7658}.Debug|iPhone.Deploy.0 = Debug|iPhone
		{9D0936E2-A9FC-4D30-A57B-A5A59E0C7658}.Debug|iPhoneSimulator.ActiveCfg = Debug|iPhoneSimulator
		{9D0936E2-A9FC-4D30-A57B-A5A59E0C7658}.Debug|iPhoneSimulator.Build.0 = Debug|iPhoneSimulator
		{9D0936E2-A9FC-4D30-A57B-A5A59E0C7658}.Debug|iPhoneSimulator.Deploy.0 = Debug|iPhoneSimulator
		{9D0936E2-A9FC-4D30-A57B-A5A59E0C7658}.Debug|x64.ActiveCfg = Debug|iPhone
		{9D0936E2-A9FC-4D30-A57B-A5A59E0C7658}.Debug|x64.Build.0 = Debug|iPhone
		{9D0936E2-A9FC-4D30-A57B-A5A59E0C7658}.Debug|x64.Deploy.0 = Debug|iPhone
		{9D0936E2-A9FC-4D30-A57B-A5A59E0C7658}.Debug|x86.ActiveCfg = Debug|iPhoneSimulator
		{9D0936E2-A9FC-4D30-A57B-A5A59E0C7658}.Debug|x86.Build.0 = Debug|iPhoneSimulator
		{9D0936E2-A9FC-4D30-A57B-A5A59E0C7658}.Debug|x86.Deploy.0 = Debug|iPhoneSimulator
		{9D0936E2-A9FC-4D30-A57B-A5A59E0C7658}.Release|Any CPU.ActiveCfg = Release|iPhoneSimulator
		{9D0936E2-A9FC-4D30-A57B-A5A59E0C7658}.Release|Any CPU.Build.0 = Release|iPhoneSimulator
		{9D0936E2-A9FC-4D30-A57B-A5A59E0C7658}.Release|Any CPU.Deploy.0 = Release|iPhoneSimulator
		{9D0936E2-A9FC-4D30-A57B-A5A59E0C7658}.Release|ARM.ActiveCfg = Release|iPhoneSimulator
		{9D0936E2-A9FC-4D30-A57B-A5A59E0C7658}.Release|ARM.Build.0 = Release|iPhoneSimulator
		{9D0936E2-A9FC-4D30-A57B-A5A59E0C7658}.Release|ARM.Deploy.0 = Release|iPhoneSimulator
		{9D0936E2-A9FC-4D30-A57B-A5A59E0C7658}.Release|iPhone.ActiveCfg = Release|iPhone
		{9D0936E2-A9FC-4D30-A57B-A5A59E0C7658}.Release|iPhone.Build.0 = Release|iPhone
		{9D0936E2-A9FC-4D30-A57B-A5A59E0C7658}.Release|iPhone.Deploy.0 = Release|iPhone
		{9D0936E2-A9FC-4D30-A57B-A5A59E0C7658}.Release|iPhoneSimulator.ActiveCfg = Release|iPhoneSimulator
		{9D0936E2-A9FC-4D30-A57B-A5A59E0C7658}.Release|iPhoneSimulator.Build.0 = Release|iPhoneSimulator
		{9D0936E2-A9FC-4D30-A57B-A5A59E0C7658}.Release|iPhoneSimulator.Deploy.0 = Release|iPhoneSimulator
		{9D0936E2-A9FC-4D30-A57B-A5A59E0C7658}.Release|x64.ActiveCfg = Release|iPhoneSimulator
		{9D0936E2-A9FC-4D30-A57B-A5A59E0C7658}.Release|x64.Build.0 = Release|iPhoneSimulator
		{9D0936E2-A9FC-4D30-A57B-A5A59E0C7658}.Release|x64.Deploy.0 = Release|iPhoneSimulator
		{9D0936E2-A9FC-4D30-A57B-A5A59E0C7658}.Release|x86.ActiveCfg = Release|iPhoneSimulator
		{9D0936E2-A9FC-4D30-A57B-A5A59E0C7658}.Release|x86.Build.0 = Release|iPhoneSimulator
		{9D0936E2-A9FC-4D30-A57B-A5A59E0C7658}.Release|x86.Deploy.0 = Release|iPhoneSimulator
		{414DCF47-BE00-46ED-B0CD-E51698B08633}.Debug|Any CPU.ActiveCfg = Debug|Any CPU
		{414DCF47-BE00-46ED-B0CD-E51698B08633}.Debug|Any CPU.Build.0 = Debug|Any CPU
		{414DCF47-BE00-46ED-B0CD-E51698B08633}.Debug|Any CPU.Deploy.0 = Debug|Any CPU
		{414DCF47-BE00-46ED-B0CD-E51698B08633}.Debug|ARM.ActiveCfg = Debug|Any CPU
		{414DCF47-BE00-46ED-B0CD-E51698B08633}.Debug|ARM.Build.0 = Debug|Any CPU
		{414DCF47-BE00-46ED-B0CD-E51698B08633}.Debug|ARM.Deploy.0 = Debug|Any CPU
		{414DCF47-BE00-46ED-B0CD-E51698B08633}.Debug|iPhone.ActiveCfg = Debug|Any CPU
		{414DCF47-BE00-46ED-B0CD-E51698B08633}.Debug|iPhone.Build.0 = Debug|Any CPU
		{414DCF47-BE00-46ED-B0CD-E51698B08633}.Debug|iPhone.Deploy.0 = Debug|Any CPU
		{414DCF47-BE00-46ED-B0CD-E51698B08633}.Debug|iPhoneSimulator.ActiveCfg = Debug|Any CPU
		{414DCF47-BE00-46ED-B0CD-E51698B08633}.Debug|iPhoneSimulator.Build.0 = Debug|Any CPU
		{414DCF47-BE00-46ED-B0CD-E51698B08633}.Debug|iPhoneSimulator.Deploy.0 = Debug|Any CPU
		{414DCF47-BE00-46ED-B0CD-E51698B08633}.Debug|x64.ActiveCfg = Debug|Any CPU
		{414DCF47-BE00-46ED-B0CD-E51698B08633}.Debug|x64.Build.0 = Debug|Any CPU
		{414DCF47-BE00-46ED-B0CD-E51698B08633}.Debug|x64.Deploy.0 = Debug|Any CPU
		{414DCF47-BE00-46ED-B0CD-E51698B08633}.Debug|x86.ActiveCfg = Debug|Any CPU
		{414DCF47-BE00-46ED-B0CD-E51698B08633}.Debug|x86.Build.0 = Debug|Any CPU
		{414DCF47-BE00-46ED-B0CD-E51698B08633}.Debug|x86.Deploy.0 = Debug|Any CPU
		{414DCF47-BE00-46ED-B0CD-E51698B08633}.Release|Any CPU.ActiveCfg = Release|Any CPU
		{414DCF47-BE00-46ED-B0CD-E51698B08633}.Release|Any CPU.Build.0 = Release|Any CPU
		{414DCF47-BE00-46ED-B0CD-E51698B08633}.Release|Any CPU.Deploy.0 = Release|Any CPU
		{414DCF47-BE00-46ED-B0CD-E51698B08633}.Release|ARM.ActiveCfg = Release|Any CPU
		{414DCF47-BE00-46ED-B0CD-E51698B08633}.Release|ARM.Build.0 = Release|Any CPU
		{414DCF47-BE00-46ED-B0CD-E51698B08633}.Release|ARM.Deploy.0 = Release|Any CPU
		{414DCF47-BE00-46ED-B0CD-E51698B08633}.Release|iPhone.ActiveCfg = Release|Any CPU
		{414DCF47-BE00-46ED-B0CD-E51698B08633}.Release|iPhone.Build.0 = Release|Any CPU
		{414DCF47-BE00-46ED-B0CD-E51698B08633}.Release|iPhone.Deploy.0 = Release|Any CPU
		{414DCF47-BE00-46ED-B0CD-E51698B08633}.Release|iPhoneSimulator.ActiveCfg = Release|Any CPU
		{414DCF47-BE00-46ED-B0CD-E51698B08633}.Release|iPhoneSimulator.Build.0 = Release|Any CPU
		{414DCF47-BE00-46ED-B0CD-E51698B08633}.Release|iPhoneSimulator.Deploy.0 = Release|Any CPU
		{414DCF47-BE00-46ED-B0CD-E51698B08633}.Release|x64.ActiveCfg = Release|Any CPU
		{414DCF47-BE00-46ED-B0CD-E51698B08633}.Release|x64.Build.0 = Release|Any CPU
		{414DCF47-BE00-46ED-B0CD-E51698B08633}.Release|x64.Deploy.0 = Release|Any CPU
		{414DCF47-BE00-46ED-B0CD-E51698B08633}.Release|x86.ActiveCfg = Release|Any CPU
		{414DCF47-BE00-46ED-B0CD-E51698B08633}.Release|x86.Build.0 = Release|Any CPU
		{414DCF47-BE00-46ED-B0CD-E51698B08633}.Release|x86.Deploy.0 = Release|Any CPU
	EndGlobalSection
	GlobalSection(SolutionProperties) = preSolution
		HideSolutionNode = FALSE
	EndGlobalSection
	GlobalSection(ExtensibilityGlobals) = postSolution
		SolutionGuid = {74961EA1-0A94-47DE-A618-3FC4C0D3222C}
	EndGlobalSection
EndGlobal
